// !$*UTF8*$!
{
	archiveVersion = 1;
	classes = {
	};
	objectVersion = 46;
	objects = {

/* Begin PBXBuildFile section */
		C533F15A1A276DFC00584E5B /* main.m in Sources */ = {isa = PBXBuildFile; fileRef = C533F1591A276DFC00584E5B /* main.m */; };
		C533F15D1A276DFC00584E5B /* AppDelegate.m in Sources */ = {isa = PBXBuildFile; fileRef = C533F15C1A276DFC00584E5B /* AppDelegate.m */; };
		C533F1631A276DFC00584E5B /* ViewController.m in Sources */ = {isa = PBXBuildFile; fileRef = C533F1621A276DFC00584E5B /* ViewController.m */; };
		C533F1661A276DFC00584E5B /* Main.storyboard in Resources */ = {isa = PBXBuildFile; fileRef = C533F1641A276DFC00584E5B /* Main.storyboard */; };
		C533F1681A276DFC00584E5B /* Images.xcassets in Resources */ = {isa = PBXBuildFile; fileRef = C533F1671A276DFC00584E5B /* Images.xcassets */; };
		C533F16B1A276DFC00584E5B /* LaunchScreen.xib in Resources */ = {isa = PBXBuildFile; fileRef = C533F1691A276DFC00584E5B /* LaunchScreen.xib */; };
		C533F1771A276DFC00584E5B /* DrepNewsTests.m in Sources */ = {isa = PBXBuildFile; fileRef = C533F1761A276DFC00584E5B /* DrepNewsTests.m */; };
		C533F1A21A27720700584E5B /* Dropbox.m in Sources */ = {isa = PBXBuildFile; fileRef = C533F1821A27720700584E5B /* Dropbox.m */; };
		C533F1A31A27720700584E5B /* OAuthLoginViewController.m in Sources */ = {isa = PBXBuildFile; fileRef = C533F1841A27720700584E5B /* OAuthLoginViewController.m */; };
		C533F1AE1A27720700584E5B /* EventPilot.xcdatamodeld in Sources */ = {isa = PBXBuildFile; fileRef = C533F19A1A27720700584E5B /* EventPilot.xcdatamodeld */; };
		C533F1B01A27720700584E5B /* DAResourceLoader.m in Sources */ = {isa = PBXBuildFile; fileRef = C533F1A01A27720700584E5B /* DAResourceLoader.m */; };
		C533F1B11A27720700584E5B /* document.json in Resources */ = {isa = PBXBuildFile; fileRef = C533F1A11A27720700584E5B /* document.json */; };
		C533F1B41A2773C200584E5B /* Categories.m in Sources */ = {isa = PBXBuildFile; fileRef = C533F1B31A2773C200584E5B /* Categories.m */; };
		C533F1B71A2773C300584E5B /* Coordinates.m in Sources */ = {isa = PBXBuildFile; fileRef = C533F1B61A2773C300584E5B /* Coordinates.m */; };
		C533F1BA1A2773C300584E5B /* EventImages.m in Sources */ = {isa = PBXBuildFile; fileRef = C533F1B91A2773C300584E5B /* EventImages.m */; };
		C533F1CE1A288F8F00584E5B /* DADownloadService.m in Sources */ = {isa = PBXBuildFile; fileRef = C533F1C91A288F8F00584E5B /* DADownloadService.m */; };
		C533F1CF1A288F8F00584E5B /* DAImageDownloader.m in Sources */ = {isa = PBXBuildFile; fileRef = C533F1CB1A288F8F00584E5B /* DAImageDownloader.m */; };
		C533F1D01A288F8F00584E5B /* DAResultResponse.m in Sources */ = {isa = PBXBuildFile; fileRef = C533F1CD1A288F8F00584E5B /* DAResultResponse.m */; };
		C59D73831A28D8A10047707A /* DAEventParseOperation.m in Sources */ = {isa = PBXBuildFile; fileRef = C59D73821A28D8A10047707A /* DAEventParseOperation.m */; };
		C59D738D1A2A0C3F0047707A /* NSManagedObject+CoreDataHandler.m in Sources */ = {isa = PBXBuildFile; fileRef = C59D738C1A2A0C3F0047707A /* NSManagedObject+CoreDataHandler.m */; };
		C59D73901A2B69A60047707A /* CoreDataErrorHandling.m in Sources */ = {isa = PBXBuildFile; fileRef = C59D738F1A2B69A60047707A /* CoreDataErrorHandling.m */; };
		C59D73991A2C8E280047707A /* NSManagedObjectContext+Helper.m in Sources */ = {isa = PBXBuildFile; fileRef = C59D73981A2C8E280047707A /* NSManagedObjectContext+Helper.m */; };
		C5A900431A34615400AA2210 /* Event.m in Sources */ = {isa = PBXBuildFile; fileRef = C5A900421A34615400AA2210 /* Event.m */; };
/* End PBXBuildFile section */

/* Begin PBXContainerItemProxy section */
		C533F1711A276DFC00584E5B /* PBXContainerItemProxy */ = {
			isa = PBXContainerItemProxy;
			containerPortal = C533F14C1A276DFB00584E5B /* Project object */;
			proxyType = 1;
			remoteGlobalIDString = C533F1531A276DFC00584E5B;
			remoteInfo = DrepNews;
		};
/* End PBXContainerItemProxy section */

/* Begin PBXFileReference section */
		C533F1541A276DFC00584E5B /* DrepNews.app */ = {isa = PBXFileReference; explicitFileType = wrapper.application; includeInIndex = 0; path = DrepNews.app; sourceTree = BUILT_PRODUCTS_DIR; };
		C533F1581A276DFC00584E5B /* Info.plist */ = {isa = PBXFileReference; lastKnownFileType = text.plist.xml; path = Info.plist; sourceTree = "<group>"; };
		C533F1591A276DFC00584E5B /* main.m */ = {isa = PBXFileReference; lastKnownFileType = sourcecode.c.objc; path = main.m; sourceTree = "<group>"; };
		C533F15B1A276DFC00584E5B /* AppDelegate.h */ = {isa = PBXFileReference; lastKnownFileType = sourcecode.c.h; path = AppDelegate.h; sourceTree = "<group>"; };
		C533F15C1A276DFC00584E5B /* AppDelegate.m */ = {isa = PBXFileReference; lastKnownFileType = sourcecode.c.objc; path = AppDelegate.m; sourceTree = "<group>"; };
		C533F1611A276DFC00584E5B /* ViewController.h */ = {isa = PBXFileReference; lastKnownFileType = sourcecode.c.h; path = ViewController.h; sourceTree = "<group>"; };
		C533F1621A276DFC00584E5B /* ViewController.m */ = {isa = PBXFileReference; lastKnownFileType = sourcecode.c.objc; path = ViewController.m; sourceTree = "<group>"; };
		C533F1651A276DFC00584E5B /* Base */ = {isa = PBXFileReference; lastKnownFileType = file.storyboard; name = Base; path = Base.lproj/Main.storyboard; sourceTree = "<group>"; };
		C533F1671A276DFC00584E5B /* Images.xcassets */ = {isa = PBXFileReference; lastKnownFileType = folder.assetcatalog; path = Images.xcassets; sourceTree = "<group>"; };
		C533F16A1A276DFC00584E5B /* Base */ = {isa = PBXFileReference; lastKnownFileType = file.xib; name = Base; path = Base.lproj/LaunchScreen.xib; sourceTree = "<group>"; };
		C533F1701A276DFC00584E5B /* DrepNewsTests.xctest */ = {isa = PBXFileReference; explicitFileType = wrapper.cfbundle; includeInIndex = 0; path = DrepNewsTests.xctest; sourceTree = BUILT_PRODUCTS_DIR; };
		C533F1751A276DFC00584E5B /* Info.plist */ = {isa = PBXFileReference; lastKnownFileType = text.plist.xml; path = Info.plist; sourceTree = "<group>"; };
		C533F1761A276DFC00584E5B /* DrepNewsTests.m */ = {isa = PBXFileReference; lastKnownFileType = sourcecode.c.objc; path = DrepNewsTests.m; sourceTree = "<group>"; };
		C533F1811A27720700584E5B /* Dropbox.h */ = {isa = PBXFileReference; fileEncoding = 4; lastKnownFileType = sourcecode.c.h; path = Dropbox.h; sourceTree = "<group>"; };
		C533F1821A27720700584E5B /* Dropbox.m */ = {isa = PBXFileReference; fileEncoding = 4; lastKnownFileType = sourcecode.c.objc; path = Dropbox.m; sourceTree = "<group>"; };
		C533F1831A27720700584E5B /* OAuthLoginViewController.h */ = {isa = PBXFileReference; fileEncoding = 4; lastKnownFileType = sourcecode.c.h; path = OAuthLoginViewController.h; sourceTree = "<group>"; };
		C533F1841A27720700584E5B /* OAuthLoginViewController.m */ = {isa = PBXFileReference; fileEncoding = 4; lastKnownFileType = sourcecode.c.objc; path = OAuthLoginViewController.m; sourceTree = "<group>"; };
		C533F19B1A27720700584E5B /* EventPilot.xcdatamodel */ = {isa = PBXFileReference; lastKnownFileType = wrapper.xcdatamodel; path = EventPilot.xcdatamodel; sourceTree = "<group>"; };
		C533F19F1A27720700584E5B /* DAResourceLoader.h */ = {isa = PBXFileReference; fileEncoding = 4; lastKnownFileType = sourcecode.c.h; path = DAResourceLoader.h; sourceTree = "<group>"; };
		C533F1A01A27720700584E5B /* DAResourceLoader.m */ = {isa = PBXFileReference; fileEncoding = 4; lastKnownFileType = sourcecode.c.objc; path = DAResourceLoader.m; sourceTree = "<group>"; };
		C533F1A11A27720700584E5B /* document.json */ = {isa = PBXFileReference; fileEncoding = 4; lastKnownFileType = text.json; path = document.json; sourceTree = "<group>"; };
		C533F1B21A2773C200584E5B /* Categories.h */ = {isa = PBXFileReference; fileEncoding = 4; lastKnownFileType = sourcecode.c.h; path = Categories.h; sourceTree = "<group>"; };
		C533F1B31A2773C200584E5B /* Categories.m */ = {isa = PBXFileReference; fileEncoding = 4; lastKnownFileType = sourcecode.c.objc; path = Categories.m; sourceTree = "<group>"; };
		C533F1B51A2773C300584E5B /* Coordinates.h */ = {isa = PBXFileReference; fileEncoding = 4; lastKnownFileType = sourcecode.c.h; path = Coordinates.h; sourceTree = "<group>"; };
		C533F1B61A2773C300584E5B /* Coordinates.m */ = {isa = PBXFileReference; fileEncoding = 4; lastKnownFileType = sourcecode.c.objc; path = Coordinates.m; sourceTree = "<group>"; };
		C533F1B81A2773C300584E5B /* EventImages.h */ = {isa = PBXFileReference; fileEncoding = 4; lastKnownFileType = sourcecode.c.h; path = EventImages.h; sourceTree = "<group>"; };
		C533F1B91A2773C300584E5B /* EventImages.m */ = {isa = PBXFileReference; fileEncoding = 4; lastKnownFileType = sourcecode.c.objc; path = EventImages.m; sourceTree = "<group>"; };
		C533F1C81A288F8F00584E5B /* DADownloadService.h */ = {isa = PBXFileReference; fileEncoding = 4; lastKnownFileType = sourcecode.c.h; path = DADownloadService.h; sourceTree = "<group>"; };
		C533F1C91A288F8F00584E5B /* DADownloadService.m */ = {isa = PBXFileReference; fileEncoding = 4; lastKnownFileType = sourcecode.c.objc; path = DADownloadService.m; sourceTree = "<group>"; };
		C533F1CA1A288F8F00584E5B /* DAImageDownloader.h */ = {isa = PBXFileReference; fileEncoding = 4; lastKnownFileType = sourcecode.c.h; path = DAImageDownloader.h; sourceTree = "<group>"; };
		C533F1CB1A288F8F00584E5B /* DAImageDownloader.m */ = {isa = PBXFileReference; fileEncoding = 4; lastKnownFileType = sourcecode.c.objc; path = DAImageDownloader.m; sourceTree = "<group>"; };
		C533F1CC1A288F8F00584E5B /* DAResultResponse.h */ = {isa = PBXFileReference; fileEncoding = 4; lastKnownFileType = sourcecode.c.h; path = DAResultResponse.h; sourceTree = "<group>"; };
		C533F1CD1A288F8F00584E5B /* DAResultResponse.m */ = {isa = PBXFileReference; fileEncoding = 4; lastKnownFileType = sourcecode.c.objc; path = DAResultResponse.m; sourceTree = "<group>"; };
		C54213401A2898330004BCDD /* DropNews-PrefixHeader.pch */ = {isa = PBXFileReference; fileEncoding = 4; lastKnownFileType = sourcecode.c.h; path = "DropNews-PrefixHeader.pch"; sourceTree = "<group>"; };
		C59D73811A28D8A10047707A /* DAEventParseOperation.h */ = {isa = PBXFileReference; fileEncoding = 4; lastKnownFileType = sourcecode.c.h; name = DAEventParseOperation.h; path = Model/DAEventParseOperation.h; sourceTree = "<group>"; };
		C59D73821A28D8A10047707A /* DAEventParseOperation.m */ = {isa = PBXFileReference; fileEncoding = 4; lastKnownFileType = sourcecode.c.objc; name = DAEventParseOperation.m; path = Model/DAEventParseOperation.m; sourceTree = "<group>"; };
		C59D738B1A2A0C3F0047707A /* NSManagedObject+CoreDataHandler.h */ = {isa = PBXFileReference; fileEncoding = 4; lastKnownFileType = sourcecode.c.h; path = "NSManagedObject+CoreDataHandler.h"; sourceTree = "<group>"; };
		C59D738C1A2A0C3F0047707A /* NSManagedObject+CoreDataHandler.m */ = {isa = PBXFileReference; fileEncoding = 4; lastKnownFileType = sourcecode.c.objc; path = "NSManagedObject+CoreDataHandler.m"; sourceTree = "<group>"; };
		C59D738E1A2B69A60047707A /* CoreDataErrorHandling.h */ = {isa = PBXFileReference; fileEncoding = 4; lastKnownFileType = sourcecode.c.h; path = CoreDataErrorHandling.h; sourceTree = "<group>"; };
		C59D738F1A2B69A60047707A /* CoreDataErrorHandling.m */ = {isa = PBXFileReference; fileEncoding = 4; lastKnownFileType = sourcecode.c.objc; path = CoreDataErrorHandling.m; sourceTree = "<group>"; };
		C59D73971A2C8E280047707A /* NSManagedObjectContext+Helper.h */ = {isa = PBXFileReference; fileEncoding = 4; lastKnownFileType = sourcecode.c.h; path = "NSManagedObjectContext+Helper.h"; sourceTree = "<group>"; };
		C59D73981A2C8E280047707A /* NSManagedObjectContext+Helper.m */ = {isa = PBXFileReference; fileEncoding = 4; lastKnownFileType = sourcecode.c.objc; path = "NSManagedObjectContext+Helper.m"; sourceTree = "<group>"; };
		C5A900411A34615400AA2210 /* Event.h */ = {isa = PBXFileReference; fileEncoding = 4; lastKnownFileType = sourcecode.c.h; path = Event.h; sourceTree = "<group>"; };
		C5A900421A34615400AA2210 /* Event.m */ = {isa = PBXFileReference; fileEncoding = 4; lastKnownFileType = sourcecode.c.objc; path = Event.m; sourceTree = "<group>"; };
/* End PBXFileReference section */

/* Begin PBXFrameworksBuildPhase section */
		C533F1511A276DFC00584E5B /* Frameworks */ = {
			isa = PBXFrameworksBuildPhase;
			buildActionMask = 2147483647;
			files = (
			);
			runOnlyForDeploymentPostprocessing = 0;
		};
		C533F16D1A276DFC00584E5B /* Frameworks */ = {
			isa = PBXFrameworksBuildPhase;
			buildActionMask = 2147483647;
			files = (
			);
			runOnlyForDeploymentPostprocessing = 0;
		};
/* End PBXFrameworksBuildPhase section */

/* Begin PBXGroup section */
		C533F14B1A276DFB00584E5B = {
			isa = PBXGroup;
			children = (
				C533F1561A276DFC00584E5B /* DrepNews */,
				C533F1731A276DFC00584E5B /* DrepNewsTests */,
				C533F1551A276DFC00584E5B /* Products */,
			);
			sourceTree = "<group>";
		};
		C533F1551A276DFC00584E5B /* Products */ = {
			isa = PBXGroup;
			children = (
				C533F1541A276DFC00584E5B /* DrepNews.app */,
				C533F1701A276DFC00584E5B /* DrepNewsTests.xctest */,
			);
			name = Products;
			sourceTree = "<group>";
		};
		C533F1561A276DFC00584E5B /* DrepNews */ = {
			isa = PBXGroup;
			children = (
				C59D738A1A2A0C3F0047707A /* CoreDataHandler */,
				C59D73851A28D8E90047707A /* Display */,
				C59D73841A28D8BF0047707A /* Parser */,
				C533F1C71A288F8F00584E5B /* DownloadService */,
				C533F1801A27720700584E5B /* DropBox */,
				C533F1851A27720700584E5B /* Model */,
				C533F19E1A27720700584E5B /* ResourceLoader */,
				C533F15B1A276DFC00584E5B /* AppDelegate.h */,
				C533F15C1A276DFC00584E5B /* AppDelegate.m */,
				C533F1671A276DFC00584E5B /* Images.xcassets */,
				C533F1691A276DFC00584E5B /* LaunchScreen.xib */,
				C533F1571A276DFC00584E5B /* Supporting Files */,
			);
			path = DrepNews;
			sourceTree = "<group>";
		};
		C533F1571A276DFC00584E5B /* Supporting Files */ = {
			isa = PBXGroup;
			children = (
				C533F1581A276DFC00584E5B /* Info.plist */,
				C533F1591A276DFC00584E5B /* main.m */,
				C54213401A2898330004BCDD /* DropNews-PrefixHeader.pch */,
			);
			name = "Supporting Files";
			sourceTree = "<group>";
		};
		C533F1731A276DFC00584E5B /* DrepNewsTests */ = {
			isa = PBXGroup;
			children = (
				C533F1761A276DFC00584E5B /* DrepNewsTests.m */,
				C533F1741A276DFC00584E5B /* Supporting Files */,
			);
			path = DrepNewsTests;
			sourceTree = "<group>";
		};
		C533F1741A276DFC00584E5B /* Supporting Files */ = {
			isa = PBXGroup;
			children = (
				C533F1751A276DFC00584E5B /* Info.plist */,
			);
			name = "Supporting Files";
			sourceTree = "<group>";
		};
		C533F1801A27720700584E5B /* DropBox */ = {
			isa = PBXGroup;
			children = (
				C533F1811A27720700584E5B /* Dropbox.h */,
				C533F1821A27720700584E5B /* Dropbox.m */,
				C533F1831A27720700584E5B /* OAuthLoginViewController.h */,
				C533F1841A27720700584E5B /* OAuthLoginViewController.m */,
			);
			path = DropBox;
			sourceTree = "<group>";
		};
		C533F1851A27720700584E5B /* Model */ = {
			isa = PBXGroup;
			children = (
				C533F19A1A27720700584E5B /* EventPilot.xcdatamodeld */,
				C5A900411A34615400AA2210 /* Event.h */,
				C5A900421A34615400AA2210 /* Event.m */,
				C533F1B81A2773C300584E5B /* EventImages.h */,
				C533F1B91A2773C300584E5B /* EventImages.m */,
				C533F1B51A2773C300584E5B /* Coordinates.h */,
				C533F1B61A2773C300584E5B /* Coordinates.m */,
				C533F1B21A2773C200584E5B /* Categories.h */,
				C533F1B31A2773C200584E5B /* Categories.m */,
			);
			path = Model;
			sourceTree = "<group>";
		};
		C533F19E1A27720700584E5B /* ResourceLoader */ = {
			isa = PBXGroup;
			children = (
				C533F19F1A27720700584E5B /* DAResourceLoader.h */,
				C533F1A01A27720700584E5B /* DAResourceLoader.m */,
				C533F1A11A27720700584E5B /* document.json */,
			);
			path = ResourceLoader;
			sourceTree = "<group>";
		};
		C533F1C71A288F8F00584E5B /* DownloadService */ = {
			isa = PBXGroup;
			children = (
				C533F1C81A288F8F00584E5B /* DADownloadService.h */,
				C533F1C91A288F8F00584E5B /* DADownloadService.m */,
				C533F1CA1A288F8F00584E5B /* DAImageDownloader.h */,
				C533F1CB1A288F8F00584E5B /* DAImageDownloader.m */,
				C533F1CC1A288F8F00584E5B /* DAResultResponse.h */,
				C533F1CD1A288F8F00584E5B /* DAResultResponse.m */,
			);
			path = DownloadService;
			sourceTree = "<group>";
		};
		C59D73841A28D8BF0047707A /* Parser */ = {
			isa = PBXGroup;
			children = (
				C59D73811A28D8A10047707A /* DAEventParseOperation.h */,
				C59D73821A28D8A10047707A /* DAEventParseOperation.m */,
			);
			name = Parser;
			sourceTree = "<group>";
		};
		C59D73851A28D8E90047707A /* Display */ = {
			isa = PBXGroup;
			children = (
				C533F1641A276DFC00584E5B /* Main.storyboard */,
				C533F1611A276DFC00584E5B /* ViewController.h */,
				C533F1621A276DFC00584E5B /* ViewController.m */,
			);
			name = Display;
			sourceTree = "<group>";
		};
		C59D738A1A2A0C3F0047707A /* CoreDataHandler */ = {
			isa = PBXGroup;
			children = (
				C59D738B1A2A0C3F0047707A /* NSManagedObject+CoreDataHandler.h */,
				C59D738C1A2A0C3F0047707A /* NSManagedObject+CoreDataHandler.m */,
				C59D738E1A2B69A60047707A /* CoreDataErrorHandling.h */,
				C59D738F1A2B69A60047707A /* CoreDataErrorHandling.m */,
				C59D73971A2C8E280047707A /* NSManagedObjectContext+Helper.h */,
				C59D73981A2C8E280047707A /* NSManagedObjectContext+Helper.m */,
			);
			path = CoreDataHandler;
			sourceTree = "<group>";
		};
/* End PBXGroup section */

/* Begin PBXNativeTarget section */
		C533F1531A276DFC00584E5B /* DrepNews */ = {
			isa = PBXNativeTarget;
			buildConfigurationList = C533F17A1A276DFC00584E5B /* Build configuration list for PBXNativeTarget "DrepNews" */;
			buildPhases = (
				C533F1501A276DFC00584E5B /* Sources */,
				C533F1511A276DFC00584E5B /* Frameworks */,
				C533F1521A276DFC00584E5B /* Resources */,
			);
			buildRules = (
			);
			dependencies = (
			);
			name = DrepNews;
			productName = DrepNews;
			productReference = C533F1541A276DFC00584E5B /* DrepNews.app */;
			productType = "com.apple.product-type.application";
		};
		C533F16F1A276DFC00584E5B /* DrepNewsTests */ = {
			isa = PBXNativeTarget;
			buildConfigurationList = C533F17D1A276DFC00584E5B /* Build configuration list for PBXNativeTarget "DrepNewsTests" */;
			buildPhases = (
				C533F16C1A276DFC00584E5B /* Sources */,
				C533F16D1A276DFC00584E5B /* Frameworks */,
				C533F16E1A276DFC00584E5B /* Resources */,
			);
			buildRules = (
			);
			dependencies = (
				C533F1721A276DFC00584E5B /* PBXTargetDependency */,
			);
			name = DrepNewsTests;
			productName = DrepNewsTests;
			productReference = C533F1701A276DFC00584E5B /* DrepNewsTests.xctest */;
			productType = "com.apple.product-type.bundle.unit-test";
		};
/* End PBXNativeTarget section */

/* Begin PBXProject section */
		C533F14C1A276DFB00584E5B /* Project object */ = {
			isa = PBXProject;
			attributes = {
				LastUpgradeCheck = 0610;
				ORGANIZATIONNAME = "Suman Chatterjee";
				TargetAttributes = {
					C533F1531A276DFC00584E5B = {
						CreatedOnToolsVersion = 6.1;
					};
					C533F16F1A276DFC00584E5B = {
						CreatedOnToolsVersion = 6.1;
						TestTargetID = C533F1531A276DFC00584E5B;
					};
				};
			};
			buildConfigurationList = C533F14F1A276DFB00584E5B /* Build configuration list for PBXProject "DrepNews" */;
			compatibilityVersion = "Xcode 3.2";
			developmentRegion = English;
			hasScannedForEncodings = 0;
			knownRegions = (
				en,
				Base,
			);
			mainGroup = C533F14B1A276DFB00584E5B;
			productRefGroup = C533F1551A276DFC00584E5B /* Products */;
			projectDirPath = "";
			projectRoot = "";
			targets = (
				C533F1531A276DFC00584E5B /* DrepNews */,
				C533F16F1A276DFC00584E5B /* DrepNewsTests */,
			);
		};
/* End PBXProject section */

/* Begin PBXResourcesBuildPhase section */
		C533F1521A276DFC00584E5B /* Resources */ = {
			isa = PBXResourcesBuildPhase;
			buildActionMask = 2147483647;
			files = (
				C533F1B11A27720700584E5B /* document.json in Resources */,
				C533F1661A276DFC00584E5B /* Main.storyboard in Resources */,
				C533F16B1A276DFC00584E5B /* LaunchScreen.xib in Resources */,
				C533F1681A276DFC00584E5B /* Images.xcassets in Resources */,
			);
			runOnlyForDeploymentPostprocessing = 0;
		};
		C533F16E1A276DFC00584E5B /* Resources */ = {
			isa = PBXResourcesBuildPhase;
			buildActionMask = 2147483647;
			files = (
			);
			runOnlyForDeploymentPostprocessing = 0;
		};
/* End PBXResourcesBuildPhase section */

/* Begin PBXSourcesBuildPhase section */
		C533F1501A276DFC00584E5B /* Sources */ = {
			isa = PBXSourcesBuildPhase;
			buildActionMask = 2147483647;
			files = (
				C533F15D1A276DFC00584E5B /* AppDelegate.m in Sources */,
				C59D73901A2B69A60047707A /* CoreDataErrorHandling.m in Sources */,
				C533F1631A276DFC00584E5B /* ViewController.m in Sources */,
				C533F1CF1A288F8F00584E5B /* DAImageDownloader.m in Sources */,
				C533F1AE1A27720700584E5B /* EventPilot.xcdatamodeld in Sources */,
				C59D73831A28D8A10047707A /* DAEventParseOperation.m in Sources */,
				C533F1B71A2773C300584E5B /* Coordinates.m in Sources */,
				C59D738D1A2A0C3F0047707A /* NSManagedObject+CoreDataHandler.m in Sources */,
				C533F1BA1A2773C300584E5B /* EventImages.m in Sources */,
				C533F1A21A27720700584E5B /* Dropbox.m in Sources */,
				C533F1B01A27720700584E5B /* DAResourceLoader.m in Sources */,
				C533F1CE1A288F8F00584E5B /* DADownloadService.m in Sources */,
				C5A900431A34615400AA2210 /* Event.m in Sources */,
				C533F1D01A288F8F00584E5B /* DAResultResponse.m in Sources */,
				C533F1B41A2773C200584E5B /* Categories.m in Sources */,
				C59D73991A2C8E280047707A /* NSManagedObjectContext+Helper.m in Sources */,
				C533F1A31A27720700584E5B /* OAuthLoginViewController.m in Sources */,
				C533F15A1A276DFC00584E5B /* main.m in Sources */,
			);
			runOnlyForDeploymentPostprocessing = 0;
		};
		C533F16C1A276DFC00584E5B /* Sources */ = {
			isa = PBXSourcesBuildPhase;
			buildActionMask = 2147483647;
			files = (
				C533F1771A276DFC00584E5B /* DrepNewsTests.m in Sources */,
			);
			runOnlyForDeploymentPostprocessing = 0;
		};
/* End PBXSourcesBuildPhase section */

/* Begin PBXTargetDependency section */
		C533F1721A276DFC00584E5B /* PBXTargetDependency */ = {
			isa = PBXTargetDependency;
			target = C533F1531A276DFC00584E5B /* DrepNews */;
			targetProxy = C533F1711A276DFC00584E5B /* PBXContainerItemProxy */;
		};
/* End PBXTargetDependency section */

/* Begin PBXVariantGroup section */
		C533F1641A276DFC00584E5B /* Main.storyboard */ = {
			isa = PBXVariantGroup;
			children = (
				C533F1651A276DFC00584E5B /* Base */,
			);
			name = Main.storyboard;
			sourceTree = "<group>";
		};
		C533F1691A276DFC00584E5B /* LaunchScreen.xib */ = {
			isa = PBXVariantGroup;
			children = (
				C533F16A1A276DFC00584E5B /* Base */,
			);
			name = LaunchScreen.xib;
			sourceTree = "<group>";
		};
/* End PBXVariantGroup section */

/* Begin XCBuildConfiguration section */
		C533F1781A276DFC00584E5B /* Debug */ = {
			isa = XCBuildConfiguration;
			buildSettings = {
				ALWAYS_SEARCH_USER_PATHS = NO;
				CLANG_CXX_LANGUAGE_STANDARD = "gnu++0x";
				CLANG_CXX_LIBRARY = "libc++";
				CLANG_ENABLE_MODULES = YES;
				CLANG_ENABLE_OBJC_ARC = YES;
				CLANG_WARN_BOOL_CONVERSION = YES;
				CLANG_WARN_CONSTANT_CONVERSION = YES;
				CLANG_WARN_DIRECT_OBJC_ISA_USAGE = YES_ERROR;
				CLANG_WARN_EMPTY_BODY = YES;
				CLANG_WARN_ENUM_CONVERSION = YES;
				CLANG_WARN_INT_CONVERSION = YES;
				CLANG_WARN_OBJC_ROOT_CLASS = YES_ERROR;
				CLANG_WARN_UNREACHABLE_CODE = YES;
				CLANG_WARN__DUPLICATE_METHOD_MATCH = YES;
				"CODE_SIGN_IDENTITY[sdk=iphoneos*]" = "iPhone Developer";
				COPY_PHASE_STRIP = NO;
				ENABLE_STRICT_OBJC_MSGSEND = YES;
				GCC_C_LANGUAGE_STANDARD = gnu99;
				GCC_DYNAMIC_NO_PIC = NO;
				GCC_OPTIMIZATION_LEVEL = 0;
				GCC_PREPROCESSOR_DEFINITIONS = (
					"DEBUG=1",
					"$(inherited)",
				);
				GCC_SYMBOLS_PRIVATE_EXTERN = NO;
				GCC_WARN_64_TO_32_BIT_CONVERSION = YES;
				GCC_WARN_ABOUT_RETURN_TYPE = YES_ERROR;
				GCC_WARN_UNDECLARED_SELECTOR = YES;
				GCC_WARN_UNINITIALIZED_AUTOS = YES_AGGRESSIVE;
				GCC_WARN_UNUSED_FUNCTION = YES;
				GCC_WARN_UNUSED_VARIABLE = YES;
				IPHONEOS_DEPLOYMENT_TARGET = 8.1;
				MTL_ENABLE_DEBUG_INFO = YES;
				ONLY_ACTIVE_ARCH = YES;
				SDKROOT = iphoneos;
				TARGETED_DEVICE_FAMILY = "1,2";
			};
			name = Debug;
		};
		C533F1791A276DFC00584E5B /* Release */ = {
			isa = XCBuildConfiguration;
			buildSettings = {
				ALWAYS_SEARCH_USER_PATHS = NO;
				CLANG_CXX_LANGUAGE_STANDARD = "gnu++0x";
				CLANG_CXX_LIBRARY = "libc++";
				CLANG_ENABLE_MODULES = YES;
				CLANG_ENABLE_OBJC_ARC = YES;
				CLANG_WARN_BOOL_CONVERSION = YES;
				CLANG_WARN_CONSTANT_CONVERSION = YES;
				CLANG_WARN_DIRECT_OBJC_ISA_USAGE = YES_ERROR;
				CLANG_WARN_EMPTY_BODY = YES;
				CLANG_WARN_ENUM_CONVERSION = YES;
				CLANG_WARN_INT_CONVERSION = YES;
				CLANG_WARN_OBJC_ROOT_CLASS = YES_ERROR;
				CLANG_WARN_UNREACHABLE_CODE = YES;
				CLANG_WARN__DUPLICATE_METHOD_MATCH = YES;
				"CODE_SIGN_IDENTITY[sdk=iphoneos*]" = "iPhone Developer";
				COPY_PHASE_STRIP = YES;
				ENABLE_NS_ASSERTIONS = NO;
				ENABLE_STRICT_OBJC_MSGSEND = YES;
				GCC_C_LANGUAGE_STANDARD = gnu99;
				GCC_WARN_64_TO_32_BIT_CONVERSION = YES;
				GCC_WARN_ABOUT_RETURN_TYPE = YES_ERROR;
				GCC_WARN_UNDECLARED_SELECTOR = YES;
				GCC_WARN_UNINITIALIZED_AUTOS = YES_AGGRESSIVE;
				GCC_WARN_UNUSED_FUNCTION = YES;
				GCC_WARN_UNUSED_VARIABLE = YES;
				IPHONEOS_DEPLOYMENT_TARGET = 8.1;
				MTL_ENABLE_DEBUG_INFO = NO;
				SDKROOT = iphoneos;
				TARGETED_DEVICE_FAMILY = "1,2";
				VALIDATE_PRODUCT = YES;
			};
			name = Release;
		};
		C533F17B1A276DFC00584E5B /* Debug */ = {
			isa = XCBuildConfiguration;
			buildSettings = {
				ASSETCATALOG_COMPILER_APPICON_NAME = AppIcon;
				CLANG_CXX_LIBRARY = "libc++";
				GCC_INCREASE_PRECOMPILED_HEADER_SHARING = NO;
				GCC_PRECOMPILE_PREFIX_HEADER = YES;
				GCC_PREFIX_HEADER = "$(SRCROOT)/$(PROJECT_NAME)/DropNews-PrefixHeader.pch";
				INFOPLIST_FILE = DrepNews/Info.plist;
				LD_RUNPATH_SEARCH_PATHS = "$(inherited) @executable_path/Frameworks";
				PRODUCT_NAME = "$(TARGET_NAME)";
			};
			name = Debug;
		};
		C533F17C1A276DFC00584E5B /* Release */ = {
			isa = XCBuildConfiguration;
			buildSettings = {
				ASSETCATALOG_COMPILER_APPICON_NAME = AppIcon;
				CLANG_CXX_LIBRARY = "libc++";
				GCC_INCREASE_PRECOMPILED_HEADER_SHARING = NO;
				GCC_PRECOMPILE_PREFIX_HEADER = YES;
				GCC_PREFIX_HEADER = "$(SRCROOT)/$(PROJECT_NAME)/DropNews-PrefixHeader.pch";
				INFOPLIST_FILE = DrepNews/Info.plist;
				LD_RUNPATH_SEARCH_PATHS = "$(inherited) @executable_path/Frameworks";
				PRODUCT_NAME = "$(TARGET_NAME)";
			};
			name = Release;
		};
		C533F17E1A276DFC00584E5B /* Debug */ = {
			isa = XCBuildConfiguration;
			buildSettings = {
				BUNDLE_LOADER = "$(TEST_HOST)";
				FRAMEWORK_SEARCH_PATHS = (
					"$(SDKROOT)/Developer/Library/Frameworks",
					"$(inherited)",
				);
				GCC_PREPROCESSOR_DEFINITIONS = (
					"DEBUG=1",
					"$(inherited)",
				);
				INFOPLIST_FILE = DrepNewsTests/Info.plist;
				LD_RUNPATH_SEARCH_PATHS = "$(inherited) @executable_path/Frameworks @loader_path/Frameworks";
				PRODUCT_NAME = "$(TARGET_NAME)";
				TEST_HOST = "$(BUILT_PRODUCTS_DIR)/DrepNews.app/DrepNews";
			};
			name = Debug;
		};
		C533F17F1A276DFC00584E5B /* Release */ = {
			isa = XCBuildConfiguration;
			buildSettings = {
				BUNDLE_LOADER = "$(TEST_HOST)";
				FRAMEWORK_SEARCH_PATHS = (
					"$(SDKROOT)/Developer/Library/Frameworks",
					"$(inherited)",
				);
				INFOPLIST_FILE = DrepNewsTests/Info.plist;
				LD_RUNPATH_SEARCH_PATHS = "$(inherited) @executable_path/Frameworks @loader_path/Frameworks";
				PRODUCT_NAME = "$(TARGET_NAME)";
				TEST_HOST = "$(BUILT_PRODUCTS_DIR)/DrepNews.app/DrepNews";
			};
			name = Release;
		};
/* End XCBuildConfiguration section */

/* Begin XCConfigurationList section */
		C533F14F1A276DFB00584E5B /* Build configuration list for PBXProject "DrepNews" */ = {
			isa = XCConfigurationList;
			buildConfigurations = (
				C533F1781A276DFC00584E5B /* Debug */,
				C533F1791A276DFC00584E5B /* Release */,
			);
			defaultConfigurationIsVisible = 0;
			defaultConfigurationName = Release;
		};
		C533F17A1A276DFC00584E5B /* Build configuration list for PBXNativeTarget "DrepNews" */ = {
			isa = XCConfigurationList;
			buildConfigurations = (
				C533F17B1A276DFC00584E5B /* Debug */,
				C533F17C1A276DFC00584E5B /* Release */,
			);
			defaultConfigurationIsVisible = 0;
			defaultConfigurationName = Release;
		};
		C533F17D1A276DFC00584E5B /* Build configuration list for PBXNativeTarget "DrepNewsTests" */ = {
			isa = XCConfigurationList;
			buildConfigurations = (
				C533F17E1A276DFC00584E5B /* Debug */,
				C533F17F1A276DFC00584E5B /* Release */,
			);
			defaultConfigurationIsVisible = 0;
			defaultConfigurationName = Release;
		};
/* End XCConfigurationList section */

/* Begin XCVersionGroup section */
		C533F19A1A27720700584E5B /* EventPilot.xcdatamodeld */ = {
			isa = XCVersionGroup;
			children = (
				C533F19B1A27720700584E5B /* EventPilot.xcdatamodel */,
			);
			currentVersion = C533F19B1A27720700584E5B /* EventPilot.xcdatamodel */;
			path = EventPilot.xcdatamodeld;
			sourceTree = "<group>";
			versionGroupType = wrapper.xcdatamodel;
		};
/* End XCVersionGroup section */
	};
	rootObject = C533F14C1A276DFB00584E5B /* Project object */;
}
